
Microsoft Visual Studio Solution File, Format Version 12.00
# Visual Studio Version 17
VisualStudioVersion = 17.4.33110.190
MinimumVisualStudioVersion = 10.0.40219.1
Project("{9A19103F-16F7-4668-BE54-9A1E7A4F7556}") = "umbracoProject", "umbracoProject.csproj", "{30571C91-B3C1-4F39-AEB6-812587827205}"
EndProject
Global
	GlobalSection(SolutionConfigurationPlatforms) = preSolution
		Debug|Any CPU = Debug|Any CPU
		Release|Any CPU = Release|Any CPU
	EndGlobalSection
	GlobalSection(ProjectConfigurationPlatforms) = postSolution
		{30571C91-B3C1-4F39-AEB6-812587827205}.Debug|Any CPU.ActiveCfg = Debug|Any CPU
		{30571C91-B3C1-4F39-AEB6-812587827205}.Debug|Any CPU.Build.0 = Debug|Any CPU
		{30571C91-B3C1-4F39-AEB6-812587827205}.Release|Any CPU.ActiveCfg = Release|Any CPU
		{30571C91-B3C1-4F39-AEB6-812587827205}.Release|Any CPU.Build.0 = Release|Any CPU
	EndGlobalSection
	GlobalSection(SolutionProperties) = preSolution
		HideSolutionNode = FALSE
	EndGlobalSection
	GlobalSection(ExtensibilityGlobals) = postSolution
		SolutionGuid = {373116F6-9E84-4B1C-B19A-78AA5EF0D238}
	EndGlobalSection
EndGlobal
